// !$*UTF8*$!
{
	archiveVersion = 1;
	classes = {
	};
	objectVersion = 56;
	objects = {

/* Begin PBXBuildFile section */
		06D80CB32A3BA41A0009B2C7 /* CryptolancerAppApp.swift in Sources */ = {isa = PBXBuildFile; fileRef = 06D80CB22A3BA41A0009B2C7 /* CryptolancerAppApp.swift */; };
		06D80CB72A3BA41B0009B2C7 /* Assets.xcassets in Resources */ = {isa = PBXBuildFile; fileRef = 06D80CB62A3BA41B0009B2C7 /* Assets.xcassets */; };
		06D80CBA2A3BA41B0009B2C7 /* Preview Assets.xcassets in Resources */ = {isa = PBXBuildFile; fileRef = 06D80CB92A3BA41B0009B2C7 /* Preview Assets.xcassets */; };
		06D80CC42A3BA41B0009B2C7 /* CryptolancerAppTests.swift in Sources */ = {isa = PBXBuildFile; fileRef = 06D80CC32A3BA41B0009B2C7 /* CryptolancerAppTests.swift */; };
		06D80CCE2A3BA41B0009B2C7 /* CryptolancerAppUITests.swift in Sources */ = {isa = PBXBuildFile; fileRef = 06D80CCD2A3BA41B0009B2C7 /* CryptolancerAppUITests.swift */; };
		06D80CD02A3BA41B0009B2C7 /* CryptolancerAppUITestsLaunchTests.swift in Sources */ = {isa = PBXBuildFile; fileRef = 06D80CCF2A3BA41B0009B2C7 /* CryptolancerAppUITestsLaunchTests.swift */; };
		06D80CE02A3BA5730009B2C7 /* LoginView.swift in Sources */ = {isa = PBXBuildFile; fileRef = 06D80CDF2A3BA5730009B2C7 /* LoginView.swift */; };
		06D80CE22A3BA61C0009B2C7 /* Home.swift in Sources */ = {isa = PBXBuildFile; fileRef = 06D80CE12A3BA61C0009B2C7 /* Home.swift */; };
/* End PBXBuildFile section */

/* Begin PBXContainerItemProxy section */
		06D80CC02A3BA41B0009B2C7 /* PBXContainerItemProxy */ = {
			isa = PBXContainerItemProxy;
			containerPortal = 06D80CA72A3BA41A0009B2C7 /* Project object */;
			proxyType = 1;
			remoteGlobalIDString = 06D80CAE2A3BA41A0009B2C7;
			remoteInfo = CryptolancerApp;
		};
		06D80CCA2A3BA41B0009B2C7 /* PBXContainerItemProxy */ = {
			isa = PBXContainerItemProxy;
			containerPortal = 06D80CA72A3BA41A0009B2C7 /* Project object */;
			proxyType = 1;
			remoteGlobalIDString = 06D80CAE2A3BA41A0009B2C7;
			remoteInfo = CryptolancerApp;
		};
/* End PBXContainerItemProxy section */

/* Begin PBXFileReference section */
		06D80CAF2A3BA41A0009B2C7 /* CryptolancerApp.app */ = {isa = PBXFileReference; explicitFileType = wrapper.application; includeInIndex = 0; path = CryptolancerApp.app; sourceTree = BUILT_PRODUCTS_DIR; };
		06D80CB22A3BA41A0009B2C7 /* CryptolancerAppApp.swift */ = {isa = PBXFileReference; lastKnownFileType = sourcecode.swift; path = CryptolancerAppApp.swift; sourceTree = "<group>"; };
		06D80CB62A3BA41B0009B2C7 /* Assets.xcassets */ = {isa = PBXFileReference; lastKnownFileType = folder.assetcatalog; path = Assets.xcassets; sourceTree = "<group>"; };
		06D80CB92A3BA41B0009B2C7 /* Preview Assets.xcassets */ = {isa = PBXFileReference; lastKnownFileType = folder.assetcatalog; path = "Preview Assets.xcassets"; sourceTree = "<group>"; };
		06D80CBF2A3BA41B0009B2C7 /* CryptolancerAppTests.xctest */ = {isa = PBXFileReference; explicitFileType = wrapper.cfbundle; includeInIndex = 0; path = CryptolancerAppTests.xctest; sourceTree = BUILT_PRODUCTS_DIR; };
		06D80CC32A3BA41B0009B2C7 /* CryptolancerAppTests.swift */ = {isa = PBXFileReference; lastKnownFileType = sourcecode.swift; path = CryptolancerAppTests.swift; sourceTree = "<group>"; };
		06D80CC92A3BA41B0009B2C7 /* CryptolancerAppUITests.xctest */ = {isa = PBXFileReference; explicitFileType = wrapper.cfbundle; includeInIndex = 0; path = CryptolancerAppUITests.xctest; sourceTree = BUILT_PRODUCTS_DIR; };
		06D80CCD2A3BA41B0009B2C7 /* CryptolancerAppUITests.swift */ = {isa = PBXFileReference; lastKnownFileType = sourcecode.swift; path = CryptolancerAppUITests.swift; sourceTree = "<group>"; };
		06D80CCF2A3BA41B0009B2C7 /* CryptolancerAppUITestsLaunchTests.swift */ = {isa = PBXFileReference; lastKnownFileType = sourcecode.swift; path = CryptolancerAppUITestsLaunchTests.swift; sourceTree = "<group>"; };
		06D80CDF2A3BA5730009B2C7 /* LoginView.swift */ = {isa = PBXFileReference; lastKnownFileType = sourcecode.swift; path = LoginView.swift; sourceTree = "<group>"; };
		06D80CE12A3BA61C0009B2C7 /* Home.swift */ = {isa = PBXFileReference; lastKnownFileType = sourcecode.swift; path = Home.swift; sourceTree = "<group>"; };
/* End PBXFileReference section */

/* Begin PBXFrameworksBuildPhase section */
		06D80CAC2A3BA41A0009B2C7 /* Frameworks */ = {
			isa = PBXFrameworksBuildPhase;
			buildActionMask = 2147483647;
			files = (
			);
			runOnlyForDeploymentPostprocessing = 0;
		};
		06D80CBC2A3BA41B0009B2C7 /* Frameworks */ = {
			isa = PBXFrameworksBuildPhase;
			buildActionMask = 2147483647;
			files = (
			);
			runOnlyForDeploymentPostprocessing = 0;
		};
		06D80CC62A3BA41B0009B2C7 /* Frameworks */ = {
			isa = PBXFrameworksBuildPhase;
			buildActionMask = 2147483647;
			files = (
			);
			runOnlyForDeploymentPostprocessing = 0;
		};
/* End PBXFrameworksBuildPhase section */

/* Begin PBXGroup section */
		06D80CA62A3BA41A0009B2C7 = {
			isa = PBXGroup;
			children = (
				06D80CB12A3BA41A0009B2C7 /* CryptolancerApp */,
				06D80CC22A3BA41B0009B2C7 /* CryptolancerAppTests */,
				06D80CCC2A3BA41B0009B2C7 /* CryptolancerAppUITests */,
				06D80CB02A3BA41A0009B2C7 /* Products */,
			);
			sourceTree = "<group>";
		};
		06D80CB02A3BA41A0009B2C7 /* Products */ = {
			isa = PBXGroup;
			children = (
				06D80CAF2A3BA41A0009B2C7 /* CryptolancerApp.app */,
				06D80CBF2A3BA41B0009B2C7 /* CryptolancerAppTests.xctest */,
				06D80CC92A3BA41B0009B2C7 /* CryptolancerAppUITests.xctest */,
			);
			name = Products;
			sourceTree = "<group>";
		};
		06D80CB12A3BA41A0009B2C7 /* CryptolancerApp */ = {
			isa = PBXGroup;
			children = (
				06D80CDE2A3BA47B0009B2C7 /* VViewModels */,
				06D80CDD2A3BA4620009B2C7 /* Views */,
				06D80CDC2A3BA44A0009B2C7 /* Models */,
				06D80CB22A3BA41A0009B2C7 /* CryptolancerAppApp.swift */,
				06D80CB62A3BA41B0009B2C7 /* Assets.xcassets */,
				06D80CB82A3BA41B0009B2C7 /* Preview Content */,
			);
			path = CryptolancerApp;
			sourceTree = "<group>";
		};
		06D80CB82A3BA41B0009B2C7 /* Preview Content */ = {
			isa = PBXGroup;
			children = (
				06D80CB92A3BA41B0009B2C7 /* Preview Assets.xcassets */,
			);
			path = "Preview Content";
			sourceTree = "<group>";
		};
		06D80CC22A3BA41B0009B2C7 /* CryptolancerAppTests */ = {
			isa = PBXGroup;
			children = (
				06D80CC32A3BA41B0009B2C7 /* CryptolancerAppTests.swift */,
			);
			path = CryptolancerAppTests;
			sourceTree = "<group>";
		};
		06D80CCC2A3BA41B0009B2C7 /* CryptolancerAppUITests */ = {
			isa = PBXGroup;
			children = (
				06D80CCD2A3BA41B0009B2C7 /* CryptolancerAppUITests.swift */,
				06D80CCF2A3BA41B0009B2C7 /* CryptolancerAppUITestsLaunchTests.swift */,
			);
			path = CryptolancerAppUITests;
			sourceTree = "<group>";
		};
		06D80CDC2A3BA44A0009B2C7 /* Models */ = {
			isa = PBXGroup;
			children = (
			);
			path = Models;
			sourceTree = "<group>";
		};
		06D80CDD2A3BA4620009B2C7 /* Views */ = {
			isa = PBXGroup;
			children = (
				06D80CDF2A3BA5730009B2C7 /* LoginView.swift */,
				06D80CE12A3BA61C0009B2C7 /* Home.swift */,
			);
			path = Views;
			sourceTree = "<group>";
		};
		06D80CDE2A3BA47B0009B2C7 /* VViewModels */ = {
			isa = PBXGroup;
			children = (
			);
			path = VViewModels;
			sourceTree = "<group>";
		};
/* End PBXGroup section */

/* Begin PBXNativeTarget section */
		06D80CAE2A3BA41A0009B2C7 /* CryptolancerApp */ = {
			isa = PBXNativeTarget;
			buildConfigurationList = 06D80CD32A3BA41B0009B2C7 /* Build configuration list for PBXNativeTarget "CryptolancerApp" */;
			buildPhases = (
				06D80CAB2A3BA41A0009B2C7 /* Sources */,
				06D80CAC2A3BA41A0009B2C7 /* Frameworks */,
				06D80CAD2A3BA41A0009B2C7 /* Resources */,
			);
			buildRules = (
			);
			dependencies = (
			);
			name = CryptolancerApp;
			productName = CryptolancerApp;
			productReference = 06D80CAF2A3BA41A0009B2C7 /* CryptolancerApp.app */;
			productType = "com.apple.product-type.application";
		};
		06D80CBE2A3BA41B0009B2C7 /* CryptolancerAppTests */ = {
			isa = PBXNativeTarget;
			buildConfigurationList = 06D80CD62A3BA41B0009B2C7 /* Build configuration list for PBXNativeTarget "CryptolancerAppTests" */;
			buildPhases = (
				06D80CBB2A3BA41B0009B2C7 /* Sources */,
				06D80CBC2A3BA41B0009B2C7 /* Frameworks */,
				06D80CBD2A3BA41B0009B2C7 /* Resources */,
			);
			buildRules = (
			);
			dependencies = (
				06D80CC12A3BA41B0009B2C7 /* PBXTargetDependency */,
			);
			name = CryptolancerAppTests;
			productName = CryptolancerAppTests;
			productReference = 06D80CBF2A3BA41B0009B2C7 /* CryptolancerAppTests.xctest */;
			productType = "com.apple.product-type.bundle.unit-test";
		};
		06D80CC82A3BA41B0009B2C7 /* CryptolancerAppUITests */ = {
			isa = PBXNativeTarget;
			buildConfigurationList = 06D80CD92A3BA41B0009B2C7 /* Build configuration list for PBXNativeTarget "CryptolancerAppUITests" */;
			buildPhases = (
				06D80CC52A3BA41B0009B2C7 /* Sources */,
				06D80CC62A3BA41B0009B2C7 /* Frameworks */,
				06D80CC72A3BA41B0009B2C7 /* Resources */,
			);
			buildRules = (
			);
			dependencies = (
				06D80CCB2A3BA41B0009B2C7 /* PBXTargetDependency */,
			);
			name = CryptolancerAppUITests;
			productName = CryptolancerAppUITests;
			productReference = 06D80CC92A3BA41B0009B2C7 /* CryptolancerAppUITests.xctest */;
			productType = "com.apple.product-type.bundle.ui-testing";
		};
/* End PBXNativeTarget section */

/* Begin PBXProject section */
		06D80CA72A3BA41A0009B2C7 /* Project object */ = {
			isa = PBXProject;
			attributes = {
				BuildIndependentTargetsInParallel = 1;
				LastSwiftUpdateCheck = 1430;
				LastUpgradeCheck = 1430;
				TargetAttributes = {
					06D80CAE2A3BA41A0009B2C7 = {
						CreatedOnToolsVersion = 14.3;
					};
					06D80CBE2A3BA41B0009B2C7 = {
						CreatedOnToolsVersion = 14.3;
						TestTargetID = 06D80CAE2A3BA41A0009B2C7;
					};
					06D80CC82A3BA41B0009B2C7 = {
						CreatedOnToolsVersion = 14.3;
						TestTargetID = 06D80CAE2A3BA41A0009B2C7;
					};
				};
			};
			buildConfigurationList = 06D80CAA2A3BA41A0009B2C7 /* Build configuration list for PBXProject "CryptolancerApp" */;
			compatibilityVersion = "Xcode 14.0";
			developmentRegion = en;
			hasScannedForEncodings = 0;
			knownRegions = (
				en,
				Base,
			);
			mainGroup = 06D80CA62A3BA41A0009B2C7;
			productRefGroup = 06D80CB02A3BA41A0009B2C7 /* Products */;
			projectDirPath = "";
			projectRoot = "";
			targets = (
				06D80CAE2A3BA41A0009B2C7 /* CryptolancerApp */,
				06D80CBE2A3BA41B0009B2C7 /* CryptolancerAppTests */,
				06D80CC82A3BA41B0009B2C7 /* CryptolancerAppUITests */,
			);
		};
/* End PBXProject section */

/* Begin PBXResourcesBuildPhase section */
		06D80CAD2A3BA41A0009B2C7 /* Resources */ = {
			isa = PBXResourcesBuildPhase;
			buildActionMask = 2147483647;
			files = (
				06D80CBA2A3BA41B0009B2C7 /* Preview Assets.xcassets in Resources */,
				06D80CB72A3BA41B0009B2C7 /* Assets.xcassets in Resources */,
			);
			runOnlyForDeploymentPostprocessing = 0;
		};
		06D80CBD2A3BA41B0009B2C7 /* Resources */ = {
			isa = PBXResourcesBuildPhase;
			buildActionMask = 2147483647;
			files = (
			);
			runOnlyForDeploymentPostprocessing = 0;
		};
		06D80CC72A3BA41B0009B2C7 /* Resources */ = {
			isa = PBXResourcesBuildPhase;
			buildActionMask = 2147483647;
			files = (
			);
			runOnlyForDeploymentPostprocessing = 0;
		};
/* End PBXResourcesBuildPhase section */

/* Begin PBXSourcesBuildPhase section */
		06D80CAB2A3BA41A0009B2C7 /* Sources */ = {
			isa = PBXSourcesBuildPhase;
			buildActionMask = 2147483647;
			files = (
				06D80CE02A3BA5730009B2C7 /* LoginView.swift in Sources */,
				06D80CE22A3BA61C0009B2C7 /* Home.swift in Sources */,
				06D80CB32A3BA41A0009B2C7 /* CryptolancerAppApp.swift in Sources */,
			);
			runOnlyForDeploymentPostprocessing = 0;
		};
		06D80CBB2A3BA41B0009B2C7 /* Sources */ = {
			isa = PBXSourcesBuildPhase;
			buildActionMask = 2147483647;
			files = (
				06D80CC42A3BA41B0009B2C7 /* CryptolancerAppTests.swift in Sources */,
			);
			runOnlyForDeploymentPostprocessing = 0;
		};
		06D80CC52A3BA41B0009B2C7 /* Sources */ = {
			isa = PBXSourcesBuildPhase;
			buildActionMask = 2147483647;
			files = (
				06D80CD02A3BA41B0009B2C7 /* CryptolancerAppUITestsLaunchTests.swift in Sources */,
				06D80CCE2A3BA41B0009B2C7 /* CryptolancerAppUITests.swift in Sources */,
			);
			runOnlyForDeploymentPostprocessing = 0;
		};
/* End PBXSourcesBuildPhase section */

/* Begin PBXTargetDependency section */
		06D80CC12A3BA41B0009B2C7 /* PBXTargetDependency */ = {
			isa = PBXTargetDependency;
			target = 06D80CAE2A3BA41A0009B2C7 /* CryptolancerApp */;
			targetProxy = 06D80CC02A3BA41B0009B2C7 /* PBXContainerItemProxy */;
		};
		06D80CCB2A3BA41B0009B2C7 /* PBXTargetDependency */ = {
			isa = PBXTargetDependency;
			target = 06D80CAE2A3BA41A0009B2C7 /* CryptolancerApp */;
			targetProxy = 06D80CCA2A3BA41B0009B2C7 /* PBXContainerItemProxy */;
		};
/* End PBXTargetDependency section */

/* Begin XCBuildConfiguration section */
		06D80CD12A3BA41B0009B2C7 /* Debug */ = {
			isa = XCBuildConfiguration;
			buildSettings = {
				ALWAYS_SEARCH_USER_PATHS = NO;
				CLANG_ANALYZER_NONNULL = YES;
				CLANG_ANALYZER_NUMBER_OBJECT_CONVERSION = YES_AGGRESSIVE;
				CLANG_CXX_LANGUAGE_STANDARD = "gnu++20";
				CLANG_ENABLE_MODULES = YES;
				CLANG_ENABLE_OBJC_ARC = YES;
				CLANG_ENABLE_OBJC_WEAK = YES;
				CLANG_WARN_BLOCK_CAPTURE_AUTORELEASING = YES;
				CLANG_WARN_BOOL_CONVERSION = YES;
				CLANG_WARN_COMMA = YES;
				CLANG_WARN_CONSTANT_CONVERSION = YES;
				CLANG_WARN_DEPRECATED_OBJC_IMPLEMENTATIONS = YES;
				CLANG_WARN_DIRECT_OBJC_ISA_USAGE = YES_ERROR;
				CLANG_WARN_DOCUMENTATION_COMMENTS = YES;
				CLANG_WARN_EMPTY_BODY = YES;
				CLANG_WARN_ENUM_CONVERSION = YES;
				CLANG_WARN_INFINITE_RECURSION = YES;
				CLANG_WARN_INT_CONVERSION = YES;
				CLANG_WARN_NON_LITERAL_NULL_CONVERSION = YES;
				CLANG_WARN_OBJC_IMPLICIT_RETAIN_SELF = YES;
				CLANG_WARN_OBJC_LITERAL_CONVERSION = YES;
				CLANG_WARN_OBJC_ROOT_CLASS = YES_ERROR;
				CLANG_WARN_QUOTED_INCLUDE_IN_FRAMEWORK_HEADER = YES;
				CLANG_WARN_RANGE_LOOP_ANALYSIS = YES;
				CLANG_WARN_STRICT_PROTOTYPES = YES;
				CLANG_WARN_SUSPICIOUS_MOVE = YES;
				CLANG_WARN_UNGUARDED_AVAILABILITY = YES_AGGRESSIVE;
				CLANG_WARN_UNREACHABLE_CODE = YES;
				CLANG_WARN__DUPLICATE_METHOD_MATCH = YES;
				COPY_PHASE_STRIP = NO;
				DEBUG_INFORMATION_FORMAT = dwarf;
				ENABLE_STRICT_OBJC_MSGSEND = YES;
				ENABLE_TESTABILITY = YES;
				GCC_C_LANGUAGE_STANDARD = gnu11;
				GCC_DYNAMIC_NO_PIC = NO;
				GCC_NO_COMMON_BLOCKS = YES;
				GCC_OPTIMIZATION_LEVEL = 0;
				GCC_PREPROCESSOR_DEFINITIONS = (
					"DEBUG=1",
					"$(inherited)",
				);
				GCC_WARN_64_TO_32_BIT_CONVERSION = YES;
				GCC_WARN_ABOUT_RETURN_TYPE = YES_ERROR;
				GCC_WARN_UNDECLARED_SELECTOR = YES;
				GCC_WARN_UNINITIALIZED_AUTOS = YES_AGGRESSIVE;
				GCC_WARN_UNUSED_FUNCTION = YES;
				GCC_WARN_UNUSED_VARIABLE = YES;
				IPHONEOS_DEPLOYMENT_TARGET = 16.4;
				MTL_ENABLE_DEBUG_INFO = INCLUDE_SOURCE;
				MTL_FAST_MATH = YES;
				ONLY_ACTIVE_ARCH = YES;
				SDKROOT = iphoneos;
				SWIFT_ACTIVE_COMPILATION_CONDITIONS = DEBUG;
				SWIFT_OPTIMIZATION_LEVEL = "-Onone";
			};
			name = Debug;
		};
		06D80CD22A3BA41B0009B2C7 /* Release */ = {
			isa = XCBuildConfiguration;
			buildSettings = {
				ALWAYS_SEARCH_USER_PATHS = NO;
				CLANG_ANALYZER_NONNULL = YES;
				CLANG_ANALYZER_NUMBER_OBJECT_CONVERSION = YES_AGGRESSIVE;
				CLANG_CXX_LANGUAGE_STANDARD = "gnu++20";
				CLANG_ENABLE_MODULES = YES;
				CLANG_ENABLE_OBJC_ARC = YES;
				CLANG_ENABLE_OBJC_WEAK = YES;
				CLANG_WARN_BLOCK_CAPTURE_AUTORELEASING = YES;
				CLANG_WARN_BOOL_CONVERSION = YES;
				CLANG_WARN_COMMA = YES;
				CLANG_WARN_CONSTANT_CONVERSION = YES;
				CLANG_WARN_DEPRECATED_OBJC_IMPLEMENTATIONS = YES;
				CLANG_WARN_DIRECT_OBJC_ISA_USAGE = YES_ERROR;
				CLANG_WARN_DOCUMENTATION_COMMENTS = YES;
				CLANG_WARN_EMPTY_BODY = YES;
				CLANG_WARN_ENUM_CONVERSION = YES;
				CLANG_WARN_INFINITE_RECURSION = YES;
				CLANG_WARN_INT_CONVERSION = YES;
				CLANG_WARN_NON_LITERAL_NULL_CONVERSION = YES;
				CLANG_WARN_OBJC_IMPLICIT_RETAIN_SELF = YES;
				CLANG_WARN_OBJC_LITERAL_CONVERSION = YES;
				CLANG_WARN_OBJC_ROOT_CLASS = YES_ERROR;
				CLANG_WARN_QUOTED_INCLUDE_IN_FRAMEWORK_HEADER = YES;
				CLANG_WARN_RANGE_LOOP_ANALYSIS = YES;
				CLANG_WARN_STRICT_PROTOTYPES = YES;
				CLANG_WARN_SUSPICIOUS_MOVE = YES;
				CLANG_WARN_UNGUARDED_AVAILABILITY = YES_AGGRESSIVE;
				CLANG_WARN_UNREACHABLE_CODE = YES;
				CLANG_WARN__DUPLICATE_METHOD_MATCH = YES;
				COPY_PHASE_STRIP = NO;
				DEBUG_INFORMATION_FORMAT = "dwarf-with-dsym";
				ENABLE_NS_ASSERTIONS = NO;
				ENABLE_STRICT_OBJC_MSGSEND = YES;
				GCC_C_LANGUAGE_STANDARD = gnu11;
				GCC_NO_COMMON_BLOCKS = YES;
				GCC_WARN_64_TO_32_BIT_CONVERSION = YES;
				GCC_WARN_ABOUT_RETURN_TYPE = YES_ERROR;
				GCC_WARN_UNDECLARED_SELECTOR = YES;
				GCC_WARN_UNINITIALIZED_AUTOS = YES_AGGRESSIVE;
				GCC_WARN_UNUSED_FUNCTION = YES;
				GCC_WARN_UNUSED_VARIABLE = YES;
				IPHONEOS_DEPLOYMENT_TARGET = 16.4;
				MTL_ENABLE_DEBUG_INFO = NO;
				MTL_FAST_MATH = YES;
				SDKROOT = iphoneos;
				SWIFT_COMPILATION_MODE = wholemodule;
				SWIFT_OPTIMIZATION_LEVEL = "-O";
				VALIDATE_PRODUCT = YES;
			};
			name = Release;
		};
		06D80CD42A3BA41B0009B2C7 /* Debug */ = {
			isa = XCBuildConfiguration;
			buildSettings = {
				ASSETCATALOG_COMPILER_APPICON_NAME = AppIcon;
				ASSETCATALOG_COMPILER_GLOBAL_ACCENT_COLOR_NAME = AccentColor;
				CODE_SIGN_STYLE = Automatic;
				CURRENT_PROJECT_VERSION = 1;
				DEVELOPMENT_ASSET_PATHS = "\"CryptolancerApp/Preview Content\"";
				ENABLE_PREVIEWS = YES;
				GENERATE_INFOPLIST_FILE = YES;
				INFOPLIST_KEY_UIApplicationSceneManifest_Generation = YES;
				INFOPLIST_KEY_UIApplicationSupportsIndirectInputEvents = YES;
				INFOPLIST_KEY_UILaunchScreen_Generation = YES;
				INFOPLIST_KEY_UISupportedInterfaceOrientations_iPad = "UIInterfaceOrientationPortrait UIInterfaceOrientationPortraitUpsideDown UIInterfaceOrientationLandscapeLeft UIInterfaceOrientationLandscapeRight";
				INFOPLIST_KEY_UISupportedInterfaceOrientations_iPhone = "UIInterfaceOrientationPortrait UIInterfaceOrientationLandscapeLeft UIInterfaceOrientationLandscapeRight";
				LD_RUNPATH_SEARCH_PATHS = (
					"$(inherited)",
					"@executable_path/Frameworks",
				);
				MARKETING_VERSION = 1.0;
				PRODUCT_BUNDLE_IDENTIFIER = crptolancer.CryptolancerApp;
				PRODUCT_NAME = "$(TARGET_NAME)";
				SWIFT_EMIT_LOC_STRINGS = YES;
				SWIFT_VERSION = 5.0;
				TARGETED_DEVICE_FAMILY = "1,2";
			};
			name = Debug;
		};
		06D80CD52A3BA41B0009B2C7 /* Release */ = {
			isa = XCBuildConfiguration;
			buildSettings = {
				ASSETCATALOG_COMPILER_APPICON_NAME = AppIcon;
				ASSETCATALOG_COMPILER_GLOBAL_ACCENT_COLOR_NAME = AccentColor;
				CODE_SIGN_STYLE = Automatic;
				CURRENT_PROJECT_VERSION = 1;
				DEVELOPMENT_ASSET_PATHS = "\"CryptolancerApp/Preview Content\"";
				ENABLE_PREVIEWS = YES;
				GENERATE_INFOPLIST_FILE = YES;
				INFOPLIST_KEY_UIApplicationSceneManifest_Generation = YES;
				INFOPLIST_KEY_UIApplicationSupportsIndirectInputEvents = YES;
				INFOPLIST_KEY_UILaunchScreen_Generation = YES;
				INFOPLIST_KEY_UISupportedInterfaceOrientations_iPad = "UIInterfaceOrientationPortrait UIInterfaceOrientationPortraitUpsideDown UIInterfaceOrientationLandscapeLeft UIInterfaceOrientationLandscapeRight";
				INFOPLIST_KEY_UISupportedInterfaceOrientations_iPhone = "UIInterfaceOrientationPortrait UIInterfaceOrientationLandscapeLeft UIInterfaceOrientationLandscapeRight";
				LD_RUNPATH_SEARCH_PATHS = (
					"$(inherited)",
					"@executable_path/Frameworks",
				);
				MARKETING_VERSION = 1.0;
				PRODUCT_BUNDLE_IDENTIFIER = crptolancer.CryptolancerApp;
				PRODUCT_NAME = "$(TARGET_NAME)";
				SWIFT_EMIT_LOC_STRINGS = YES;
				SWIFT_VERSION = 5.0;
				TARGETED_DEVICE_FAMILY = "1,2";
			};
			name = Release;
		};
		06D80CD72A3BA41B0009B2C7 /* Debug */ = {
			isa = XCBuildConfiguration;
			buildSettings = {
				ALWAYS_EMBED_SWIFT_STANDARD_LIBRARIES = YES;
				BUNDLE_LOADER = "$(TEST_HOST)";
				CODE_SIGN_STYLE = Automatic;
				CURRENT_PROJECT_VERSION = 1;
				GENERATE_INFOPLIST_FILE = YES;
				IPHONEOS_DEPLOYMENT_TARGET = 16.4;
				MARKETING_VERSION = 1.0;
				PRODUCT_BUNDLE_IDENTIFIER = crptolancer.CryptolancerAppTests;
				PRODUCT_NAME = "$(TARGET_NAME)";
				SWIFT_EMIT_LOC_STRINGS = NO;
				SWIFT_VERSION = 5.0;
				TARGETED_DEVICE_FAMILY = "1,2";
				TEST_HOST = "$(BUILT_PRODUCTS_DIR)/CryptolancerApp.app/$(BUNDLE_EXECUTABLE_FOLDER_PATH)/CryptolancerApp";
			};
			name = Debug;
		};
		06D80CD82A3BA41B0009B2C7 /* Release */ = {
			isa = XCBuildConfiguration;
			buildSettings = {
				ALWAYS_EMBED_SWIFT_STANDARD_LIBRARIES = YES;
				BUNDLE_LOADER = "$(TEST_HOST)";
				CODE_SIGN_STYLE = Automatic;
				CURRENT_PROJECT_VERSION = 1;
				GENERATE_INFOPLIST_FILE = YES;
				IPHONEOS_DEPLOYMENT_TARGET = 16.4;
				MARKETING_VERSION = 1.0;
				PRODUCT_BUNDLE_IDENTIFIER = crptolancer.CryptolancerAppTests;
				PRODUCT_NAME = "$(TARGET_NAME)";
				SWIFT_EMIT_LOC_STRINGS = NO;
				SWIFT_VERSION = 5.0;
				TARGETED_DEVICE_FAMILY = "1,2";
				TEST_HOST = "$(BUILT_PRODUCTS_DIR)/CryptolancerApp.app/$(BUNDLE_EXECUTABLE_FOLDER_PATH)/CryptolancerApp";
			};
			name = Release;
		};
		06D80CDA2A3BA41B0009B2C7 /* Debug */ = {
			isa = XCBuildConfiguration;
			buildSettings = {
				ALWAYS_EMBED_SWIFT_STANDARD_LIBRARIES = YES;
				CODE_SIGN_STYLE = Automatic;
				CURRENT_PROJECT_VERSION = 1;
				GENERATE_INFOPLIST_FILE = YES;
				MARKETING_VERSION = 1.0;
				PRODUCT_BUNDLE_IDENTIFIER = crptolancer.CryptolancerAppUITests;
				PRODUCT_NAME = "$(TARGET_NAME)";
				SWIFT_EMIT_LOC_STRINGS = NO;
				SWIFT_VERSION = 5.0;
				TARGETED_DEVICE_FAMILY = "1,2";
				TEST_TARGET_NAME = CryptolancerApp;
			};
			name = Debug;
		};
		06D80CDB2A3BA41B0009B2C7 /* Release */ = {
			isa = XCBuildConfiguration;
			buildSettings = {
				ALWAYS_EMBED_SWIFT_STANDARD_LIBRARIES = YES;
				CODE_SIGN_STYLE = Automatic;
				CURRENT_PROJECT_VERSION = 1;
				GENERATE_INFOPLIST_FILE = YES;
				MARKETING_VERSION = 1.0;
				PRODUCT_BUNDLE_IDENTIFIER = crptolancer.CryptolancerAppUITests;
				PRODUCT_NAME = "$(TARGET_NAME)";
				SWIFT_EMIT_LOC_STRINGS = NO;
				SWIFT_VERSION = 5.0;
				TARGETED_DEVICE_FAMILY = "1,2";
				TEST_TARGET_NAME = CryptolancerApp;
			};
			name = Release;
		};
/* End XCBuildConfiguration section */

/* Begin XCConfigurationList section */
		06D80CAA2A3BA41A0009B2C7 /* Build configuration list for PBXProject "CryptolancerApp" */ = {
			isa = XCConfigurationList;
			buildConfigurations = (
				06D80CD12A3BA41B0009B2C7 /* Debug */,
				06D80CD22A3BA41B0009B2C7 /* Release */,
			);
			defaultConfigurationIsVisible = 0;
			defaultConfigurationName = Release;
		};
		06D80CD32A3BA41B0009B2C7 /* Build configuration list for PBXNativeTarget "CryptolancerApp" */ = {
			isa = XCConfigurationList;
			buildConfigurations = (
				06D80CD42A3BA41B0009B2C7 /* Debug */,
				06D80CD52A3BA41B0009B2C7 /* Release */,
			);
			defaultConfigurationIsVisible = 0;
			defaultConfigurationName = Release;
		};
		06D80CD62A3BA41B0009B2C7 /* Build configuration list for PBXNativeTarget "CryptolancerAppTests" */ = {
			isa = XCConfigurationList;
			buildConfigurations = (
				06D80CD72A3BA41B0009B2C7 /* Debug */,
				06D80CD82A3BA41B0009B2C7 /* Release */,
			);
			defaultConfigurationIsVisible = 0;
			defaultConfigurationName = Release;
		};
		06D80CD92A3BA41B0009B2C7 /* Build configuration list for PBXNativeTarget "CryptolancerAppUITests" */ = {
			isa = XCConfigurationList;
			buildConfigurations = (
				06D80CDA2A3BA41B0009B2C7 /* Debug */,
				06D80CDB2A3BA41B0009B2C7 /* Release */,
			);
			defaultConfigurationIsVisible = 0;
			defaultConfigurationName = Release;
		};
/* End XCConfigurationList section */
	};
	rootObject = 06D80CA72A3BA41A0009B2C7 /* Project object */;
}
